
Microsoft Visual Studio Solution File, Format Version 12.00
# Visual Studio Version 16
VisualStudioVersion = 16.0.30330.147
MinimumVisualStudioVersion = 10.0.40219.1
Project("{FAE04EC0-301F-11D3-BF4B-00C04F79EFBC}") = "01.DatingApp", "01.DatingApp\01.DatingApp.csproj", "{9A7B0ED3-638C-442B-99C4-F67D0DB09389}"
EndProject
Project("{FAE04EC0-301F-11D3-BF4B-00C04F79EFBC}") = "02.BookWorm", "02.BookWorm\02.BookWorm.csproj", "{904A1F9F-519E-47DF-9E8A-71A668B9C254}"
EndProject
Global
	GlobalSection(SolutionConfigurationPlatforms) = preSolution
		Debug|Any CPU = Debug|Any CPU
		Release|Any CPU = Release|Any CPU
	EndGlobalSection
	GlobalSection(ProjectConfigurationPlatforms) = postSolution
		{9A7B0ED3-638C-442B-99C4-F67D0DB09389}.Debug|Any CPU.ActiveCfg = Debug|Any CPU
		{9A7B0ED3-638C-442B-99C4-F67D0DB09389}.Debug|Any CPU.Build.0 = Debug|Any CPU
		{9A7B0ED3-638C-442B-99C4-F67D0DB09389}.Release|Any CPU.ActiveCfg = Release|Any CPU
		{9A7B0ED3-638C-442B-99C4-F67D0DB09389}.Release|Any CPU.Build.0 = Release|Any CPU
		{904A1F9F-519E-47DF-9E8A-71A668B9C254}.Debug|Any CPU.ActiveCfg = Debug|Any CPU
		{904A1F9F-519E-47DF-9E8A-71A668B9C254}.Debug|Any CPU.Build.0 = Debug|Any CPU
		{904A1F9F-519E-47DF-9E8A-71A668B9C254}.Release|Any CPU.ActiveCfg = Release|Any CPU
		{904A1F9F-519E-47DF-9E8A-71A668B9C254}.Release|Any CPU.Build.0 = Release|Any CPU
	EndGlobalSection
	GlobalSection(SolutionProperties) = preSolution
		HideSolutionNode = FALSE
	EndGlobalSection
	GlobalSection(ExtensibilityGlobals) = postSolution
		SolutionGuid = {6B674219-7064-4321-8262-909CAB1B2529}
	EndGlobalSection
EndGlobal
