
Microsoft Visual Studio Solution File, Format Version 12.00
# Visual Studio Version 16
VisualStudioVersion = 16.0.31112.23
MinimumVisualStudioVersion = 10.0.40219.1
Project("{FAE04EC0-301F-11D3-BF4B-00C04F79EFBC}") = "MyFirstProject_DEMO", "MyFirstProject_DEMO\MyFirstProject_DEMO.csproj", "{98B6A908-B6FE-4083-A861-35E8D68804F6}"
EndProject
Global
	GlobalSection(SolutionConfigurationPlatforms) = preSolution
		Debug|Any CPU = Debug|Any CPU
		Release|Any CPU = Release|Any CPU
	EndGlobalSection
	GlobalSection(ProjectConfigurationPlatforms) = postSolution
		{98B6A908-B6FE-4083-A861-35E8D68804F6}.Debug|Any CPU.ActiveCfg = Debug|Any CPU
		{98B6A908-B6FE-4083-A861-35E8D68804F6}.Debug|Any CPU.Build.0 = Debug|Any CPU
		{98B6A908-B6FE-4083-A861-35E8D68804F6}.Release|Any CPU.ActiveCfg = Release|Any CPU
		{98B6A908-B6FE-4083-A861-35E8D68804F6}.Release|Any CPU.Build.0 = Release|Any CPU
	EndGlobalSection
	GlobalSection(SolutionProperties) = preSolution
		HideSolutionNode = FALSE
	EndGlobalSection
	GlobalSection(ExtensibilityGlobals) = postSolution
		SolutionGuid = {E543E6D3-7E7B-4B5F-BD46-A0AC4A7A44B6}
	EndGlobalSection
EndGlobal
