
Microsoft Visual Studio Solution File, Format Version 12.00
# Visual Studio Version 16
VisualStudioVersion = 16.0.31112.23
MinimumVisualStudioVersion = 10.0.40219.1
Project("{FAE04EC0-301F-11D3-BF4B-00C04F79EFBC}") = "P01.BinarySearch", "P01.BinarySearch\P01.BinarySearch.csproj", "{33F77EAD-00F2-4C34-B448-974EC3D4EFF2}"
EndProject
Project("{FAE04EC0-301F-11D3-BF4B-00C04F79EFBC}") = "P02.SelectionSort", "P02.SelectionSort\P02.SelectionSort.csproj", "{10AFCAEE-B0D8-4774-B718-8E9D8FB10328}"
EndProject
Project("{FAE04EC0-301F-11D3-BF4B-00C04F79EFBC}") = "P03.BubbleSort", "P03.BubbleSort\P03.BubbleSort.csproj", "{B991F93C-4EDD-464A-824C-466D8E08B0E1}"
EndProject
Project("{FAE04EC0-301F-11D3-BF4B-00C04F79EFBC}") = "P04.InsertionSort", "P04.InsertionSort\P04.InsertionSort.csproj", "{0598CE3D-EA58-4881-9FEC-284F875EB6FB}"
EndProject
Project("{FAE04EC0-301F-11D3-BF4B-00C04F79EFBC}") = "P05.Quicksort", "P05.Quicksort\P05.Quicksort.csproj", "{77173E87-6CC5-4D60-95C5-E685AA1B4CA0}"
EndProject
Global
	GlobalSection(SolutionConfigurationPlatforms) = preSolution
		Debug|Any CPU = Debug|Any CPU
		Release|Any CPU = Release|Any CPU
	EndGlobalSection
	GlobalSection(ProjectConfigurationPlatforms) = postSolution
		{33F77EAD-00F2-4C34-B448-974EC3D4EFF2}.Debug|Any CPU.ActiveCfg = Debug|Any CPU
		{33F77EAD-00F2-4C34-B448-974EC3D4EFF2}.Debug|Any CPU.Build.0 = Debug|Any CPU
		{33F77EAD-00F2-4C34-B448-974EC3D4EFF2}.Release|Any CPU.ActiveCfg = Release|Any CPU
		{33F77EAD-00F2-4C34-B448-974EC3D4EFF2}.Release|Any CPU.Build.0 = Release|Any CPU
		{10AFCAEE-B0D8-4774-B718-8E9D8FB10328}.Debug|Any CPU.ActiveCfg = Debug|Any CPU
		{10AFCAEE-B0D8-4774-B718-8E9D8FB10328}.Debug|Any CPU.Build.0 = Debug|Any CPU
		{10AFCAEE-B0D8-4774-B718-8E9D8FB10328}.Release|Any CPU.ActiveCfg = Release|Any CPU
		{10AFCAEE-B0D8-4774-B718-8E9D8FB10328}.Release|Any CPU.Build.0 = Release|Any CPU
		{B991F93C-4EDD-464A-824C-466D8E08B0E1}.Debug|Any CPU.ActiveCfg = Debug|Any CPU
		{B991F93C-4EDD-464A-824C-466D8E08B0E1}.Debug|Any CPU.Build.0 = Debug|Any CPU
		{B991F93C-4EDD-464A-824C-466D8E08B0E1}.Release|Any CPU.ActiveCfg = Release|Any CPU
		{B991F93C-4EDD-464A-824C-466D8E08B0E1}.Release|Any CPU.Build.0 = Release|Any CPU
		{0598CE3D-EA58-4881-9FEC-284F875EB6FB}.Debug|Any CPU.ActiveCfg = Debug|Any CPU
		{0598CE3D-EA58-4881-9FEC-284F875EB6FB}.Debug|Any CPU.Build.0 = Debug|Any CPU
		{0598CE3D-EA58-4881-9FEC-284F875EB6FB}.Release|Any CPU.ActiveCfg = Release|Any CPU
		{0598CE3D-EA58-4881-9FEC-284F875EB6FB}.Release|Any CPU.Build.0 = Release|Any CPU
		{77173E87-6CC5-4D60-95C5-E685AA1B4CA0}.Debug|Any CPU.ActiveCfg = Debug|Any CPU
		{77173E87-6CC5-4D60-95C5-E685AA1B4CA0}.Debug|Any CPU.Build.0 = Debug|Any CPU
		{77173E87-6CC5-4D60-95C5-E685AA1B4CA0}.Release|Any CPU.ActiveCfg = Release|Any CPU
		{77173E87-6CC5-4D60-95C5-E685AA1B4CA0}.Release|Any CPU.Build.0 = Release|Any CPU
	EndGlobalSection
	GlobalSection(SolutionProperties) = preSolution
		HideSolutionNode = FALSE
	EndGlobalSection
	GlobalSection(ExtensibilityGlobals) = postSolution
		SolutionGuid = {7CAF82CC-6A1A-42DE-8F77-CDF2274A17FE}
	EndGlobalSection
EndGlobal
