
Microsoft Visual Studio Solution File, Format Version 12.00
# Visual Studio Version 16
VisualStudioVersion = 16.0.30330.147
MinimumVisualStudioVersion = 10.0.40219.1
Project("{FAE04EC0-301F-11D3-BF4B-00C04F79EFBC}") = "01. Lootbox", "01. Lootbox\01. Lootbox.csproj", "{A66060B3-F01F-49B4-8881-938B369B96E2}"
EndProject
Project("{FAE04EC0-301F-11D3-BF4B-00C04F79EFBC}") = "02.Re-Volt", "02.Re-Volt\02.Re-Volt.csproj", "{424B1D34-2EC4-46D7-801A-D130638A8884}"
EndProject
Project("{9A19103F-16F7-4668-BE54-9A1E7A4F7556}") = "Guild", "Guild\Guild.csproj", "{FEB61863-5B40-4672-8D13-F1A71A043361}"
EndProject
Global
	GlobalSection(SolutionConfigurationPlatforms) = preSolution
		Debug|Any CPU = Debug|Any CPU
		Release|Any CPU = Release|Any CPU
	EndGlobalSection
	GlobalSection(ProjectConfigurationPlatforms) = postSolution
		{A66060B3-F01F-49B4-8881-938B369B96E2}.Debug|Any CPU.ActiveCfg = Debug|Any CPU
		{A66060B3-F01F-49B4-8881-938B369B96E2}.Debug|Any CPU.Build.0 = Debug|Any CPU
		{A66060B3-F01F-49B4-8881-938B369B96E2}.Release|Any CPU.ActiveCfg = Release|Any CPU
		{A66060B3-F01F-49B4-8881-938B369B96E2}.Release|Any CPU.Build.0 = Release|Any CPU
		{424B1D34-2EC4-46D7-801A-D130638A8884}.Debug|Any CPU.ActiveCfg = Debug|Any CPU
		{424B1D34-2EC4-46D7-801A-D130638A8884}.Debug|Any CPU.Build.0 = Debug|Any CPU
		{424B1D34-2EC4-46D7-801A-D130638A8884}.Release|Any CPU.ActiveCfg = Release|Any CPU
		{424B1D34-2EC4-46D7-801A-D130638A8884}.Release|Any CPU.Build.0 = Release|Any CPU
		{FEB61863-5B40-4672-8D13-F1A71A043361}.Debug|Any CPU.ActiveCfg = Debug|Any CPU
		{FEB61863-5B40-4672-8D13-F1A71A043361}.Debug|Any CPU.Build.0 = Debug|Any CPU
		{FEB61863-5B40-4672-8D13-F1A71A043361}.Release|Any CPU.ActiveCfg = Release|Any CPU
		{FEB61863-5B40-4672-8D13-F1A71A043361}.Release|Any CPU.Build.0 = Release|Any CPU
	EndGlobalSection
	GlobalSection(SolutionProperties) = preSolution
		HideSolutionNode = FALSE
	EndGlobalSection
	GlobalSection(ExtensibilityGlobals) = postSolution
		SolutionGuid = {ECC60526-0EAC-4DF7-B9B3-2951DA5FD349}
	EndGlobalSection
EndGlobal
