
Microsoft Visual Studio Solution File, Format Version 12.00
# Visual Studio Version 16
VisualStudioVersion = 16.0.30330.147
MinimumVisualStudioVersion = 10.0.40219.1
Project("{9A19103F-16F7-4668-BE54-9A1E7A4F7556}") = "01.Bombs", "01.Bombs\01.Bombs.csproj", "{27BB5802-08E4-4FB3-BC67-D9DBB31857E6}"
EndProject
Project("{9A19103F-16F7-4668-BE54-9A1E7A4F7556}") = "02.Snake", "02.Snake\02.Snake.csproj", "{0BB8D8F4-73AB-460D-A557-1C552348D1BC}"
EndProject
Project("{9A19103F-16F7-4668-BE54-9A1E7A4F7556}") = "Parking", "Parking\Parking\Parking.csproj", "{437E1AF0-D9CD-4336-A73C-52EACDBD193D}"
EndProject
Global
	GlobalSection(SolutionConfigurationPlatforms) = preSolution
		Debug|Any CPU = Debug|Any CPU
		Release|Any CPU = Release|Any CPU
	EndGlobalSection
	GlobalSection(ProjectConfigurationPlatforms) = postSolution
		{27BB5802-08E4-4FB3-BC67-D9DBB31857E6}.Debug|Any CPU.ActiveCfg = Debug|Any CPU
		{27BB5802-08E4-4FB3-BC67-D9DBB31857E6}.Debug|Any CPU.Build.0 = Debug|Any CPU
		{27BB5802-08E4-4FB3-BC67-D9DBB31857E6}.Release|Any CPU.ActiveCfg = Release|Any CPU
		{27BB5802-08E4-4FB3-BC67-D9DBB31857E6}.Release|Any CPU.Build.0 = Release|Any CPU
		{0BB8D8F4-73AB-460D-A557-1C552348D1BC}.Debug|Any CPU.ActiveCfg = Debug|Any CPU
		{0BB8D8F4-73AB-460D-A557-1C552348D1BC}.Debug|Any CPU.Build.0 = Debug|Any CPU
		{0BB8D8F4-73AB-460D-A557-1C552348D1BC}.Release|Any CPU.ActiveCfg = Release|Any CPU
		{0BB8D8F4-73AB-460D-A557-1C552348D1BC}.Release|Any CPU.Build.0 = Release|Any CPU
		{437E1AF0-D9CD-4336-A73C-52EACDBD193D}.Debug|Any CPU.ActiveCfg = Debug|Any CPU
		{437E1AF0-D9CD-4336-A73C-52EACDBD193D}.Debug|Any CPU.Build.0 = Debug|Any CPU
		{437E1AF0-D9CD-4336-A73C-52EACDBD193D}.Release|Any CPU.ActiveCfg = Release|Any CPU
		{437E1AF0-D9CD-4336-A73C-52EACDBD193D}.Release|Any CPU.Build.0 = Release|Any CPU
	EndGlobalSection
	GlobalSection(SolutionProperties) = preSolution
		HideSolutionNode = FALSE
	EndGlobalSection
	GlobalSection(ExtensibilityGlobals) = postSolution
		SolutionGuid = {6D0A5548-7509-4750-A3D4-727FCB2CB749}
	EndGlobalSection
EndGlobal
