
Microsoft Visual Studio Solution File, Format Version 12.00
# Visual Studio Version 16
VisualStudioVersion = 16.0.30621.155
MinimumVisualStudioVersion = 10.0.40219.1
Project("{9A19103F-16F7-4668-BE54-9A1E7A4F7556}") = "RobotService", "01. Structure_Skeleton\RobotService\RobotService.csproj", "{07666E07-ABD6-4C90-8953-73208A804030}"
EndProject
Project("{9A19103F-16F7-4668-BE54-9A1E7A4F7556}") = "Computers", "03. Unit Tests_Skeleton\Computers\Computers.csproj", "{43F99F5F-C136-403D-98FC-08C41133F3B9}"
EndProject
Project("{9A19103F-16F7-4668-BE54-9A1E7A4F7556}") = "Computers.Tests", "03. Unit Tests_Skeleton\Computers.Tests\Computers.Tests.csproj", "{AD2EF825-DB8B-40E8-8A3E-D3C9D38772EC}"
EndProject
Global
	GlobalSection(SolutionConfigurationPlatforms) = preSolution
		Debug|Any CPU = Debug|Any CPU
		Release|Any CPU = Release|Any CPU
	EndGlobalSection
	GlobalSection(ProjectConfigurationPlatforms) = postSolution
		{07666E07-ABD6-4C90-8953-73208A804030}.Debug|Any CPU.ActiveCfg = Debug|Any CPU
		{07666E07-ABD6-4C90-8953-73208A804030}.Debug|Any CPU.Build.0 = Debug|Any CPU
		{07666E07-ABD6-4C90-8953-73208A804030}.Release|Any CPU.ActiveCfg = Release|Any CPU
		{07666E07-ABD6-4C90-8953-73208A804030}.Release|Any CPU.Build.0 = Release|Any CPU
		{43F99F5F-C136-403D-98FC-08C41133F3B9}.Debug|Any CPU.ActiveCfg = Debug|Any CPU
		{43F99F5F-C136-403D-98FC-08C41133F3B9}.Debug|Any CPU.Build.0 = Debug|Any CPU
		{43F99F5F-C136-403D-98FC-08C41133F3B9}.Release|Any CPU.ActiveCfg = Release|Any CPU
		{43F99F5F-C136-403D-98FC-08C41133F3B9}.Release|Any CPU.Build.0 = Release|Any CPU
		{AD2EF825-DB8B-40E8-8A3E-D3C9D38772EC}.Debug|Any CPU.ActiveCfg = Debug|Any CPU
		{AD2EF825-DB8B-40E8-8A3E-D3C9D38772EC}.Debug|Any CPU.Build.0 = Debug|Any CPU
		{AD2EF825-DB8B-40E8-8A3E-D3C9D38772EC}.Release|Any CPU.ActiveCfg = Release|Any CPU
		{AD2EF825-DB8B-40E8-8A3E-D3C9D38772EC}.Release|Any CPU.Build.0 = Release|Any CPU
	EndGlobalSection
	GlobalSection(SolutionProperties) = preSolution
		HideSolutionNode = FALSE
	EndGlobalSection
	GlobalSection(ExtensibilityGlobals) = postSolution
		SolutionGuid = {ACB1C03D-52D6-4558-804C-C6AFF99EBDB7}
	EndGlobalSection
EndGlobal
