
Microsoft Visual Studio Solution File, Format Version 12.00
# Visual Studio 15
VisualStudioVersion = 15.0.28307.329
MinimumVisualStudioVersion = 10.0.40219.1
Project("{FAE04EC0-301F-11D3-BF4B-00C04F79EFBC}") = "01.Username", "01.Username\01.Username.csproj", "{D4E7F39D-353B-435E-9DB0-5FF987C0E5FA}"
EndProject
Project("{FAE04EC0-301F-11D3-BF4B-00C04F79EFBC}") = "02.Password", "02.Password\02.Password.csproj", "{B22F6227-AA46-4E6A-8B16-ABCA238EDC6B}"
EndProject
Project("{FAE04EC0-301F-11D3-BF4B-00C04F79EFBC}") = "03.Followers", "03.Followers\03.Followers.csproj", "{AC4C2C54-3B54-4C7A-9A94-C36416E14FE8}"
EndProject
Global
	GlobalSection(SolutionConfigurationPlatforms) = preSolution
		Debug|Any CPU = Debug|Any CPU
		Release|Any CPU = Release|Any CPU
	EndGlobalSection
	GlobalSection(ProjectConfigurationPlatforms) = postSolution
		{D4E7F39D-353B-435E-9DB0-5FF987C0E5FA}.Debug|Any CPU.ActiveCfg = Debug|Any CPU
		{D4E7F39D-353B-435E-9DB0-5FF987C0E5FA}.Debug|Any CPU.Build.0 = Debug|Any CPU
		{D4E7F39D-353B-435E-9DB0-5FF987C0E5FA}.Release|Any CPU.ActiveCfg = Release|Any CPU
		{D4E7F39D-353B-435E-9DB0-5FF987C0E5FA}.Release|Any CPU.Build.0 = Release|Any CPU
		{B22F6227-AA46-4E6A-8B16-ABCA238EDC6B}.Debug|Any CPU.ActiveCfg = Debug|Any CPU
		{B22F6227-AA46-4E6A-8B16-ABCA238EDC6B}.Debug|Any CPU.Build.0 = Debug|Any CPU
		{B22F6227-AA46-4E6A-8B16-ABCA238EDC6B}.Release|Any CPU.ActiveCfg = Release|Any CPU
		{B22F6227-AA46-4E6A-8B16-ABCA238EDC6B}.Release|Any CPU.Build.0 = Release|Any CPU
		{AC4C2C54-3B54-4C7A-9A94-C36416E14FE8}.Debug|Any CPU.ActiveCfg = Debug|Any CPU
		{AC4C2C54-3B54-4C7A-9A94-C36416E14FE8}.Debug|Any CPU.Build.0 = Debug|Any CPU
		{AC4C2C54-3B54-4C7A-9A94-C36416E14FE8}.Release|Any CPU.ActiveCfg = Release|Any CPU
		{AC4C2C54-3B54-4C7A-9A94-C36416E14FE8}.Release|Any CPU.Build.0 = Release|Any CPU
	EndGlobalSection
	GlobalSection(SolutionProperties) = preSolution
		HideSolutionNode = FALSE
	EndGlobalSection
	GlobalSection(ExtensibilityGlobals) = postSolution
		SolutionGuid = {76C9D4A0-9CFF-4983-B359-3EA11041F605}
	EndGlobalSection
EndGlobal
