
Microsoft Visual Studio Solution File, Format Version 12.00
# Visual Studio 15
VisualStudioVersion = 15.0.28307.329
MinimumVisualStudioVersion = 10.0.40219.1
Project("{FAE04EC0-301F-11D3-BF4B-00C04F79EFBC}") = "01.ReverseStrings", "01.ReverseStrings\01.ReverseStrings.csproj", "{D35DABE0-4446-441A-B506-5E4C2D5CEE59}"
EndProject
Project("{FAE04EC0-301F-11D3-BF4B-00C04F79EFBC}") = "02.RepeatStrings", "02.RepeatStrings\02.RepeatStrings.csproj", "{7531FA1A-1F68-4863-8773-404AB8033D1B}"
EndProject
Project("{FAE04EC0-301F-11D3-BF4B-00C04F79EFBC}") = "03.Substring", "03.Substring\03.Substring.csproj", "{B85068CE-0D6D-4548-B7AF-1906EAF8B8BA}"
EndProject
Project("{FAE04EC0-301F-11D3-BF4B-00C04F79EFBC}") = "04.TextFilter", "04.TextFilter\04.TextFilter.csproj", "{3AFF817F-8C2F-4F09-B013-EA65ACA10844}"
EndProject
Project("{FAE04EC0-301F-11D3-BF4B-00C04F79EFBC}") = "05.DigitsLettersAndOther", "05.DigitsLettersAndOther\05.DigitsLettersAndOther.csproj", "{485D62B5-5116-4003-ABFA-9D886F62C875}"
EndProject
Global
	GlobalSection(SolutionConfigurationPlatforms) = preSolution
		Debug|Any CPU = Debug|Any CPU
		Release|Any CPU = Release|Any CPU
	EndGlobalSection
	GlobalSection(ProjectConfigurationPlatforms) = postSolution
		{D35DABE0-4446-441A-B506-5E4C2D5CEE59}.Debug|Any CPU.ActiveCfg = Debug|Any CPU
		{D35DABE0-4446-441A-B506-5E4C2D5CEE59}.Debug|Any CPU.Build.0 = Debug|Any CPU
		{D35DABE0-4446-441A-B506-5E4C2D5CEE59}.Release|Any CPU.ActiveCfg = Release|Any CPU
		{D35DABE0-4446-441A-B506-5E4C2D5CEE59}.Release|Any CPU.Build.0 = Release|Any CPU
		{7531FA1A-1F68-4863-8773-404AB8033D1B}.Debug|Any CPU.ActiveCfg = Debug|Any CPU
		{7531FA1A-1F68-4863-8773-404AB8033D1B}.Debug|Any CPU.Build.0 = Debug|Any CPU
		{7531FA1A-1F68-4863-8773-404AB8033D1B}.Release|Any CPU.ActiveCfg = Release|Any CPU
		{7531FA1A-1F68-4863-8773-404AB8033D1B}.Release|Any CPU.Build.0 = Release|Any CPU
		{B85068CE-0D6D-4548-B7AF-1906EAF8B8BA}.Debug|Any CPU.ActiveCfg = Debug|Any CPU
		{B85068CE-0D6D-4548-B7AF-1906EAF8B8BA}.Debug|Any CPU.Build.0 = Debug|Any CPU
		{B85068CE-0D6D-4548-B7AF-1906EAF8B8BA}.Release|Any CPU.ActiveCfg = Release|Any CPU
		{B85068CE-0D6D-4548-B7AF-1906EAF8B8BA}.Release|Any CPU.Build.0 = Release|Any CPU
		{3AFF817F-8C2F-4F09-B013-EA65ACA10844}.Debug|Any CPU.ActiveCfg = Debug|Any CPU
		{3AFF817F-8C2F-4F09-B013-EA65ACA10844}.Debug|Any CPU.Build.0 = Debug|Any CPU
		{3AFF817F-8C2F-4F09-B013-EA65ACA10844}.Release|Any CPU.ActiveCfg = Release|Any CPU
		{3AFF817F-8C2F-4F09-B013-EA65ACA10844}.Release|Any CPU.Build.0 = Release|Any CPU
		{485D62B5-5116-4003-ABFA-9D886F62C875}.Debug|Any CPU.ActiveCfg = Debug|Any CPU
		{485D62B5-5116-4003-ABFA-9D886F62C875}.Debug|Any CPU.Build.0 = Debug|Any CPU
		{485D62B5-5116-4003-ABFA-9D886F62C875}.Release|Any CPU.ActiveCfg = Release|Any CPU
		{485D62B5-5116-4003-ABFA-9D886F62C875}.Release|Any CPU.Build.0 = Release|Any CPU
	EndGlobalSection
	GlobalSection(SolutionProperties) = preSolution
		HideSolutionNode = FALSE
	EndGlobalSection
	GlobalSection(ExtensibilityGlobals) = postSolution
		SolutionGuid = {F7830597-7713-4660-B572-4526E2A3B965}
	EndGlobalSection
EndGlobal
