
Microsoft Visual Studio Solution File, Format Version 12.00
# Visual Studio Version 16
VisualStudioVersion = 16.0.30621.155
MinimumVisualStudioVersion = 10.0.40219.1
Project("{9A19103F-16F7-4668-BE54-9A1E7A4F7556}") = "HAD", "01. Business Logic_Skeleton (.NET Core)\HAD\HAD.csproj", "{AD31A765-DCFE-4AA6-AD78-FA9FB918ADAF}"
EndProject
Project("{9A19103F-16F7-4668-BE54-9A1E7A4F7556}") = "HAD.Tests", "01. Business Logic_Skeleton (.NET Core)\HAD.Tests\HAD.Tests.csproj", "{895AED91-9415-4D5A-AAF9-3BD3A39A5CE6}"
EndProject
Global
	GlobalSection(SolutionConfigurationPlatforms) = preSolution
		Debug|Any CPU = Debug|Any CPU
		Release|Any CPU = Release|Any CPU
	EndGlobalSection
	GlobalSection(ProjectConfigurationPlatforms) = postSolution
		{AD31A765-DCFE-4AA6-AD78-FA9FB918ADAF}.Debug|Any CPU.ActiveCfg = Debug|Any CPU
		{AD31A765-DCFE-4AA6-AD78-FA9FB918ADAF}.Debug|Any CPU.Build.0 = Debug|Any CPU
		{AD31A765-DCFE-4AA6-AD78-FA9FB918ADAF}.Release|Any CPU.ActiveCfg = Release|Any CPU
		{AD31A765-DCFE-4AA6-AD78-FA9FB918ADAF}.Release|Any CPU.Build.0 = Release|Any CPU
		{895AED91-9415-4D5A-AAF9-3BD3A39A5CE6}.Debug|Any CPU.ActiveCfg = Debug|Any CPU
		{895AED91-9415-4D5A-AAF9-3BD3A39A5CE6}.Debug|Any CPU.Build.0 = Debug|Any CPU
		{895AED91-9415-4D5A-AAF9-3BD3A39A5CE6}.Release|Any CPU.ActiveCfg = Release|Any CPU
		{895AED91-9415-4D5A-AAF9-3BD3A39A5CE6}.Release|Any CPU.Build.0 = Release|Any CPU
	EndGlobalSection
	GlobalSection(SolutionProperties) = preSolution
		HideSolutionNode = FALSE
	EndGlobalSection
	GlobalSection(ExtensibilityGlobals) = postSolution
		SolutionGuid = {7499C8D9-4A03-429D-A312-5DC325BAB689}
	EndGlobalSection
EndGlobal
