
Microsoft Visual Studio Solution File, Format Version 12.00
# Visual Studio 15
VisualStudioVersion = 15.0.28307.329
MinimumVisualStudioVersion = 10.0.40219.1
Project("{FAE04EC0-301F-11D3-BF4B-00C04F79EFBC}") = "01.SoftUniReception", "01.SoftUniReception\01.SoftUniReception.csproj", "{AF64BA3E-FC52-41FF-841F-8DDC73A66B58}"
EndProject
Project("{FAE04EC0-301F-11D3-BF4B-00C04F79EFBC}") = "02.ArrayModifier", "02.ArrayModifier\02.ArrayModifier.csproj", "{D170EC35-481A-4E86-B8D8-01D2DA5FD37C}"
EndProject
Project("{FAE04EC0-301F-11D3-BF4B-00C04F79EFBC}") = "03.Numbers", "03.Numbers\03.Numbers.csproj", "{811C02D1-02ED-441C-AA2C-8F5B0E199C53}"
EndProject
Global
	GlobalSection(SolutionConfigurationPlatforms) = preSolution
		Debug|Any CPU = Debug|Any CPU
		Release|Any CPU = Release|Any CPU
	EndGlobalSection
	GlobalSection(ProjectConfigurationPlatforms) = postSolution
		{AF64BA3E-FC52-41FF-841F-8DDC73A66B58}.Debug|Any CPU.ActiveCfg = Debug|Any CPU
		{AF64BA3E-FC52-41FF-841F-8DDC73A66B58}.Debug|Any CPU.Build.0 = Debug|Any CPU
		{AF64BA3E-FC52-41FF-841F-8DDC73A66B58}.Release|Any CPU.ActiveCfg = Release|Any CPU
		{AF64BA3E-FC52-41FF-841F-8DDC73A66B58}.Release|Any CPU.Build.0 = Release|Any CPU
		{D170EC35-481A-4E86-B8D8-01D2DA5FD37C}.Debug|Any CPU.ActiveCfg = Debug|Any CPU
		{D170EC35-481A-4E86-B8D8-01D2DA5FD37C}.Debug|Any CPU.Build.0 = Debug|Any CPU
		{D170EC35-481A-4E86-B8D8-01D2DA5FD37C}.Release|Any CPU.ActiveCfg = Release|Any CPU
		{D170EC35-481A-4E86-B8D8-01D2DA5FD37C}.Release|Any CPU.Build.0 = Release|Any CPU
		{811C02D1-02ED-441C-AA2C-8F5B0E199C53}.Debug|Any CPU.ActiveCfg = Debug|Any CPU
		{811C02D1-02ED-441C-AA2C-8F5B0E199C53}.Debug|Any CPU.Build.0 = Debug|Any CPU
		{811C02D1-02ED-441C-AA2C-8F5B0E199C53}.Release|Any CPU.ActiveCfg = Release|Any CPU
		{811C02D1-02ED-441C-AA2C-8F5B0E199C53}.Release|Any CPU.Build.0 = Release|Any CPU
	EndGlobalSection
	GlobalSection(SolutionProperties) = preSolution
		HideSolutionNode = FALSE
	EndGlobalSection
	GlobalSection(ExtensibilityGlobals) = postSolution
		SolutionGuid = {482FF049-55CF-4D0B-9242-A8A628694705}
	EndGlobalSection
EndGlobal
