
Microsoft Visual Studio Solution File, Format Version 12.00
# Visual Studio Version 16
VisualStudioVersion = 16.0.31112.23
MinimumVisualStudioVersion = 10.0.40219.1
Project("{2150E333-8FDC-42A3-9474-1A3956D46DE8}") = "Apps", "Apps", "{E6E581F0-D440-43EB-A517-0DBC3D438A95}"
EndProject
Project("{9A19103F-16F7-4668-BE54-9A1E7A4F7556}") = "SUS.HTTP", "SUS.HTTP\SUS.HTTP.csproj", "{D8BEC291-C305-4F2E-B3C6-AA95DDD3AE0E}"
EndProject
Project("{9A19103F-16F7-4668-BE54-9A1E7A4F7556}") = "SUS.MvcFramework", "SUS.MvcFramework\SUS.MvcFramework.csproj", "{72D8E8E7-100E-4498-9770-DC1685D2B856}"
EndProject
Project("{9A19103F-16F7-4668-BE54-9A1E7A4F7556}") = "SUS.MvcFramework.Tests", "SUS.MvcFramework.Tests\SUS.MvcFramework.Tests.csproj", "{4537E958-A80A-4F04-BE8A-4370292FB8CE}"
EndProject
Project("{9A19103F-16F7-4668-BE54-9A1E7A4F7556}") = "BattleCards", "Apps\BattleCards\BattleCards.csproj", "{77BD63D8-35BA-41A6-8B40-683E987DFE47}"
EndProject
Project("{9A19103F-16F7-4668-BE54-9A1E7A4F7556}") = "Suls", "Apps\Suls\Suls.csproj", "{840929ED-AC7F-4E98-91D2-5539C2110E00}"
EndProject
Project("{9A19103F-16F7-4668-BE54-9A1E7A4F7556}") = "Andreys", "Apps\Andreys\Andreys.csproj", "{8C1EC76D-0C3D-471F-97C0-16DE8ED94696}"
EndProject
Project("{9A19103F-16F7-4668-BE54-9A1E7A4F7556}") = "Git", "Apps\Git\Git.csproj", "{A94E20FA-65BA-41D2-9F8E-569801F3A868}"
EndProject
Global
	GlobalSection(SolutionConfigurationPlatforms) = preSolution
		Debug|Any CPU = Debug|Any CPU
		Release|Any CPU = Release|Any CPU
	EndGlobalSection
	GlobalSection(ProjectConfigurationPlatforms) = postSolution
		{D8BEC291-C305-4F2E-B3C6-AA95DDD3AE0E}.Debug|Any CPU.ActiveCfg = Debug|Any CPU
		{D8BEC291-C305-4F2E-B3C6-AA95DDD3AE0E}.Debug|Any CPU.Build.0 = Debug|Any CPU
		{D8BEC291-C305-4F2E-B3C6-AA95DDD3AE0E}.Release|Any CPU.ActiveCfg = Release|Any CPU
		{D8BEC291-C305-4F2E-B3C6-AA95DDD3AE0E}.Release|Any CPU.Build.0 = Release|Any CPU
		{72D8E8E7-100E-4498-9770-DC1685D2B856}.Debug|Any CPU.ActiveCfg = Debug|Any CPU
		{72D8E8E7-100E-4498-9770-DC1685D2B856}.Debug|Any CPU.Build.0 = Debug|Any CPU
		{72D8E8E7-100E-4498-9770-DC1685D2B856}.Release|Any CPU.ActiveCfg = Release|Any CPU
		{72D8E8E7-100E-4498-9770-DC1685D2B856}.Release|Any CPU.Build.0 = Release|Any CPU
		{4537E958-A80A-4F04-BE8A-4370292FB8CE}.Debug|Any CPU.ActiveCfg = Debug|Any CPU
		{4537E958-A80A-4F04-BE8A-4370292FB8CE}.Debug|Any CPU.Build.0 = Debug|Any CPU
		{4537E958-A80A-4F04-BE8A-4370292FB8CE}.Release|Any CPU.ActiveCfg = Release|Any CPU
		{4537E958-A80A-4F04-BE8A-4370292FB8CE}.Release|Any CPU.Build.0 = Release|Any CPU
		{77BD63D8-35BA-41A6-8B40-683E987DFE47}.Debug|Any CPU.ActiveCfg = Debug|Any CPU
		{77BD63D8-35BA-41A6-8B40-683E987DFE47}.Debug|Any CPU.Build.0 = Debug|Any CPU
		{77BD63D8-35BA-41A6-8B40-683E987DFE47}.Release|Any CPU.ActiveCfg = Release|Any CPU
		{77BD63D8-35BA-41A6-8B40-683E987DFE47}.Release|Any CPU.Build.0 = Release|Any CPU
		{840929ED-AC7F-4E98-91D2-5539C2110E00}.Debug|Any CPU.ActiveCfg = Debug|Any CPU
		{840929ED-AC7F-4E98-91D2-5539C2110E00}.Debug|Any CPU.Build.0 = Debug|Any CPU
		{840929ED-AC7F-4E98-91D2-5539C2110E00}.Release|Any CPU.ActiveCfg = Release|Any CPU
		{840929ED-AC7F-4E98-91D2-5539C2110E00}.Release|Any CPU.Build.0 = Release|Any CPU
		{8C1EC76D-0C3D-471F-97C0-16DE8ED94696}.Debug|Any CPU.ActiveCfg = Debug|Any CPU
		{8C1EC76D-0C3D-471F-97C0-16DE8ED94696}.Debug|Any CPU.Build.0 = Debug|Any CPU
		{8C1EC76D-0C3D-471F-97C0-16DE8ED94696}.Release|Any CPU.ActiveCfg = Release|Any CPU
		{8C1EC76D-0C3D-471F-97C0-16DE8ED94696}.Release|Any CPU.Build.0 = Release|Any CPU
		{A94E20FA-65BA-41D2-9F8E-569801F3A868}.Debug|Any CPU.ActiveCfg = Debug|Any CPU
		{A94E20FA-65BA-41D2-9F8E-569801F3A868}.Debug|Any CPU.Build.0 = Debug|Any CPU
		{A94E20FA-65BA-41D2-9F8E-569801F3A868}.Release|Any CPU.ActiveCfg = Release|Any CPU
		{A94E20FA-65BA-41D2-9F8E-569801F3A868}.Release|Any CPU.Build.0 = Release|Any CPU
	EndGlobalSection
	GlobalSection(SolutionProperties) = preSolution
		HideSolutionNode = FALSE
	EndGlobalSection
	GlobalSection(NestedProjects) = preSolution
		{77BD63D8-35BA-41A6-8B40-683E987DFE47} = {E6E581F0-D440-43EB-A517-0DBC3D438A95}
		{840929ED-AC7F-4E98-91D2-5539C2110E00} = {E6E581F0-D440-43EB-A517-0DBC3D438A95}
		{8C1EC76D-0C3D-471F-97C0-16DE8ED94696} = {E6E581F0-D440-43EB-A517-0DBC3D438A95}
		{A94E20FA-65BA-41D2-9F8E-569801F3A868} = {E6E581F0-D440-43EB-A517-0DBC3D438A95}
	EndGlobalSection
	GlobalSection(ExtensibilityGlobals) = postSolution
		SolutionGuid = {0CFED92D-67C2-402F-8BD6-0815F6A61EF3}
	EndGlobalSection
EndGlobal
