
Microsoft Visual Studio Solution File, Format Version 12.00
# Visual Studio 15
VisualStudioVersion = 15.0.28307.329
MinimumVisualStudioVersion = 10.0.40219.1
Project("{FAE04EC0-301F-11D3-BF4B-00C04F79EFBC}") = "01.BiscuitsFactory", "01.BiscuitsFactory\01.BiscuitsFactory.csproj", "{D8AFB2FE-D1C3-4139-BCC9-40EB587AB298}"
EndProject
Project("{FAE04EC0-301F-11D3-BF4B-00C04F79EFBC}") = "02.Weaponsmith", "02.Weaponsmith\02.Weaponsmith.csproj", "{DDA73591-8DBE-494F-94EE-4DFD89B0A58B}"
EndProject
Project("{FAE04EC0-301F-11D3-BF4B-00C04F79EFBC}") = "03.WizardPoker", "03.WizardPoker\03.WizardPoker.csproj", "{BFC31F6C-D6FB-491D-B1A6-0B8A6A6F0FED}"
EndProject
Project("{FAE04EC0-301F-11D3-BF4B-00C04F79EFBC}") = "1.ExperienceGaining", "1.ExperienceGaining\1.ExperienceGaining.csproj", "{1C1DC918-9566-49FE-9B65-F7323A7B5A29}"
EndProject
Project("{FAE04EC0-301F-11D3-BF4B-00C04F79EFBC}") = "2.FriendlistMaintenance", "2.FriendlistMaintenance\2.FriendlistMaintenance.csproj", "{27ADC1A2-B1F1-4F93-B9F1-FC87BB5E35D6}"
EndProject
Project("{FAE04EC0-301F-11D3-BF4B-00C04F79EFBC}") = "3.TanksCollector", "3.TanksCollector\3.TanksCollector.csproj", "{35CF7F00-70CF-4880-BC6D-96762F596D8A}"
EndProject
Global
	GlobalSection(SolutionConfigurationPlatforms) = preSolution
		Debug|Any CPU = Debug|Any CPU
		Release|Any CPU = Release|Any CPU
	EndGlobalSection
	GlobalSection(ProjectConfigurationPlatforms) = postSolution
		{D8AFB2FE-D1C3-4139-BCC9-40EB587AB298}.Debug|Any CPU.ActiveCfg = Debug|Any CPU
		{D8AFB2FE-D1C3-4139-BCC9-40EB587AB298}.Debug|Any CPU.Build.0 = Debug|Any CPU
		{D8AFB2FE-D1C3-4139-BCC9-40EB587AB298}.Release|Any CPU.ActiveCfg = Release|Any CPU
		{D8AFB2FE-D1C3-4139-BCC9-40EB587AB298}.Release|Any CPU.Build.0 = Release|Any CPU
		{DDA73591-8DBE-494F-94EE-4DFD89B0A58B}.Debug|Any CPU.ActiveCfg = Debug|Any CPU
		{DDA73591-8DBE-494F-94EE-4DFD89B0A58B}.Debug|Any CPU.Build.0 = Debug|Any CPU
		{DDA73591-8DBE-494F-94EE-4DFD89B0A58B}.Release|Any CPU.ActiveCfg = Release|Any CPU
		{DDA73591-8DBE-494F-94EE-4DFD89B0A58B}.Release|Any CPU.Build.0 = Release|Any CPU
		{BFC31F6C-D6FB-491D-B1A6-0B8A6A6F0FED}.Debug|Any CPU.ActiveCfg = Debug|Any CPU
		{BFC31F6C-D6FB-491D-B1A6-0B8A6A6F0FED}.Debug|Any CPU.Build.0 = Debug|Any CPU
		{BFC31F6C-D6FB-491D-B1A6-0B8A6A6F0FED}.Release|Any CPU.ActiveCfg = Release|Any CPU
		{BFC31F6C-D6FB-491D-B1A6-0B8A6A6F0FED}.Release|Any CPU.Build.0 = Release|Any CPU
		{1C1DC918-9566-49FE-9B65-F7323A7B5A29}.Debug|Any CPU.ActiveCfg = Debug|Any CPU
		{1C1DC918-9566-49FE-9B65-F7323A7B5A29}.Debug|Any CPU.Build.0 = Debug|Any CPU
		{1C1DC918-9566-49FE-9B65-F7323A7B5A29}.Release|Any CPU.ActiveCfg = Release|Any CPU
		{1C1DC918-9566-49FE-9B65-F7323A7B5A29}.Release|Any CPU.Build.0 = Release|Any CPU
		{27ADC1A2-B1F1-4F93-B9F1-FC87BB5E35D6}.Debug|Any CPU.ActiveCfg = Debug|Any CPU
		{27ADC1A2-B1F1-4F93-B9F1-FC87BB5E35D6}.Debug|Any CPU.Build.0 = Debug|Any CPU
		{27ADC1A2-B1F1-4F93-B9F1-FC87BB5E35D6}.Release|Any CPU.ActiveCfg = Release|Any CPU
		{27ADC1A2-B1F1-4F93-B9F1-FC87BB5E35D6}.Release|Any CPU.Build.0 = Release|Any CPU
		{35CF7F00-70CF-4880-BC6D-96762F596D8A}.Debug|Any CPU.ActiveCfg = Debug|Any CPU
		{35CF7F00-70CF-4880-BC6D-96762F596D8A}.Debug|Any CPU.Build.0 = Debug|Any CPU
		{35CF7F00-70CF-4880-BC6D-96762F596D8A}.Release|Any CPU.ActiveCfg = Release|Any CPU
		{35CF7F00-70CF-4880-BC6D-96762F596D8A}.Release|Any CPU.Build.0 = Release|Any CPU
	EndGlobalSection
	GlobalSection(SolutionProperties) = preSolution
		HideSolutionNode = FALSE
	EndGlobalSection
	GlobalSection(ExtensibilityGlobals) = postSolution
		SolutionGuid = {71C20AAB-0A3B-4A58-8265-605481EDDA9D}
	EndGlobalSection
EndGlobal
