
Microsoft Visual Studio Solution File, Format Version 12.00
# Visual Studio Version 16
VisualStudioVersion = 16.0.31112.23
MinimumVisualStudioVersion = 10.0.40219.1
Project("{9A19103F-16F7-4668-BE54-9A1E7A4F7556}") = "MyWebServer", "MyWebServer\MyWebServer.csproj", "{ECBC953A-C9CB-49A8-BECE-E89A6040055A}"
EndProject
Project("{FAE04EC0-301F-11D3-BF4B-00C04F79EFBC}") = "MyWebServer.Server", "MyWebServer.Server\MyWebServer.Server.csproj", "{56E36078-430E-4604-A8FE-E72D2A7FF63F}"
EndProject
Global
	GlobalSection(SolutionConfigurationPlatforms) = preSolution
		Debug|Any CPU = Debug|Any CPU
		Release|Any CPU = Release|Any CPU
	EndGlobalSection
	GlobalSection(ProjectConfigurationPlatforms) = postSolution
		{ECBC953A-C9CB-49A8-BECE-E89A6040055A}.Debug|Any CPU.ActiveCfg = Debug|Any CPU
		{ECBC953A-C9CB-49A8-BECE-E89A6040055A}.Debug|Any CPU.Build.0 = Debug|Any CPU
		{ECBC953A-C9CB-49A8-BECE-E89A6040055A}.Release|Any CPU.ActiveCfg = Release|Any CPU
		{ECBC953A-C9CB-49A8-BECE-E89A6040055A}.Release|Any CPU.Build.0 = Release|Any CPU
		{56E36078-430E-4604-A8FE-E72D2A7FF63F}.Debug|Any CPU.ActiveCfg = Debug|Any CPU
		{56E36078-430E-4604-A8FE-E72D2A7FF63F}.Debug|Any CPU.Build.0 = Debug|Any CPU
		{56E36078-430E-4604-A8FE-E72D2A7FF63F}.Release|Any CPU.ActiveCfg = Release|Any CPU
		{56E36078-430E-4604-A8FE-E72D2A7FF63F}.Release|Any CPU.Build.0 = Release|Any CPU
	EndGlobalSection
	GlobalSection(SolutionProperties) = preSolution
		HideSolutionNode = FALSE
	EndGlobalSection
	GlobalSection(ExtensibilityGlobals) = postSolution
		SolutionGuid = {7AF8A560-0527-4F48-8E36-2CA551C8F948}
	EndGlobalSection
EndGlobal
