
Microsoft Visual Studio Solution File, Format Version 12.00
# Visual Studio Version 16
VisualStudioVersion = 16.0.30330.147
MinimumVisualStudioVersion = 10.0.40219.1
Project("{9A19103F-16F7-4668-BE54-9A1E7A4F7556}") = "01.FlowerWreaths", "01.FlowerWreaths\01.FlowerWreaths.csproj", "{F96D12AC-E29F-4178-8E9C-EFD5AD47370D}"
EndProject
Project("{9A19103F-16F7-4668-BE54-9A1E7A4F7556}") = "02.Bee", "02.Bee\02.Bee.csproj", "{82C0189C-2489-4A94-A24A-981EEDB66C89}"
EndProject
Project("{9A19103F-16F7-4668-BE54-9A1E7A4F7556}") = "VetClinic", "VetClinic\VetClinic.csproj", "{5EC978D7-08D7-44CA-999F-4A6D78B9F11A}"
EndProject
Global
	GlobalSection(SolutionConfigurationPlatforms) = preSolution
		Debug|Any CPU = Debug|Any CPU
		Release|Any CPU = Release|Any CPU
	EndGlobalSection
	GlobalSection(ProjectConfigurationPlatforms) = postSolution
		{F96D12AC-E29F-4178-8E9C-EFD5AD47370D}.Debug|Any CPU.ActiveCfg = Debug|Any CPU
		{F96D12AC-E29F-4178-8E9C-EFD5AD47370D}.Debug|Any CPU.Build.0 = Debug|Any CPU
		{F96D12AC-E29F-4178-8E9C-EFD5AD47370D}.Release|Any CPU.ActiveCfg = Release|Any CPU
		{F96D12AC-E29F-4178-8E9C-EFD5AD47370D}.Release|Any CPU.Build.0 = Release|Any CPU
		{82C0189C-2489-4A94-A24A-981EEDB66C89}.Debug|Any CPU.ActiveCfg = Debug|Any CPU
		{82C0189C-2489-4A94-A24A-981EEDB66C89}.Debug|Any CPU.Build.0 = Debug|Any CPU
		{82C0189C-2489-4A94-A24A-981EEDB66C89}.Release|Any CPU.ActiveCfg = Release|Any CPU
		{82C0189C-2489-4A94-A24A-981EEDB66C89}.Release|Any CPU.Build.0 = Release|Any CPU
		{5EC978D7-08D7-44CA-999F-4A6D78B9F11A}.Debug|Any CPU.ActiveCfg = Debug|Any CPU
		{5EC978D7-08D7-44CA-999F-4A6D78B9F11A}.Debug|Any CPU.Build.0 = Debug|Any CPU
		{5EC978D7-08D7-44CA-999F-4A6D78B9F11A}.Release|Any CPU.ActiveCfg = Release|Any CPU
		{5EC978D7-08D7-44CA-999F-4A6D78B9F11A}.Release|Any CPU.Build.0 = Release|Any CPU
	EndGlobalSection
	GlobalSection(SolutionProperties) = preSolution
		HideSolutionNode = FALSE
	EndGlobalSection
	GlobalSection(ExtensibilityGlobals) = postSolution
		SolutionGuid = {EA79C45D-7A78-473D-92F9-11DF5BA1F3A6}
	EndGlobalSection
EndGlobal
